
Microsoft Visual Studio Solution File, Format Version 12.00
# Visual Studio 15
VisualStudioVersion = 15.0.27130.2027
MinimumVisualStudioVersion = 10.0.40219.1
Project("{9A19103F-16F7-4668-BE54-9A1E7A4F7556}") = "Akka.Bootstrap.Docker", "src\Akka.Bootstrap.Docker\Akka.Bootstrap.Docker.csproj", "{E945AABA-2779-41E8-9B43-8898FFD64F22}"
EndProject
Project("{9A19103F-16F7-4668-BE54-9A1E7A4F7556}") = "Akka.Bootstrap.Docker.Tests", "src\Akka.Bootstrap.Docker.Tests\Akka.Bootstrap.Docker.Tests.csproj", "{0F9B9BC6-9F86-40E8-BA9B-D27BF3AC7970}"
EndProject
Project("{9A19103F-16F7-4668-BE54-9A1E7A4F7556}") = "Akka.Bootstrap.PCF", "src\Akka.Bootstrap.PCF\Akka.Bootstrap.PCF.csproj", "{EDAB7A80-65A6-47C7-8F71-4DB4B6C5DAF0}"
EndProject
Project("{9A19103F-16F7-4668-BE54-9A1E7A4F7556}") = "Akka.Bootstrap.PCF.Tests", "src\Akka.Bootstrap.PCF.Tests\Akka.Bootstrap.PCF.Tests.csproj", "{765987A7-7714-4166-BE14-82033867A03F}"
EndProject
Project("{9A19103F-16F7-4668-BE54-9A1E7A4F7556}") = "Akka.Bootstrap.ServiceFabric", "src\Akka.Bootstrap.ServiceFabric\Akka.Bootstrap.ServiceFabric.csproj", "{CA704A66-58CD-4DF7-89EA-F6308888C258}"
EndProject
Project("{9A19103F-16F7-4668-BE54-9A1E7A4F7556}") = "Akka.Bootstrap.ServiceFabric.Tests", "src\Akka.Bootstrap.ServiceFabric.Tests\Akka.Bootstrap.ServiceFabric.Tests.csproj", "{57819593-EB89-4FF9-B752-4B2B8C90EC1D}"
EndProject
Project("{FAE04EC0-301F-11D3-BF4B-00C04F79EFBC}") = "Akka.Bootstrap.Docker.Sample", "src\Akka.Docker.Bootstrap.Sample\Akka.Bootstrap.Docker.Sample.csproj", "{6E6BA408-9243-4708-985D-2AC6F4391114}"
EndProject
Global
	GlobalSection(SolutionConfigurationPlatforms) = preSolution
		Debug|Any CPU = Debug|Any CPU
		Release|Any CPU = Release|Any CPU
	EndGlobalSection
	GlobalSection(ProjectConfigurationPlatforms) = postSolution
		{E945AABA-2779-41E8-9B43-8898FFD64F22}.Debug|Any CPU.ActiveCfg = Debug|Any CPU
		{E945AABA-2779-41E8-9B43-8898FFD64F22}.Debug|Any CPU.Build.0 = Debug|Any CPU
		{E945AABA-2779-41E8-9B43-8898FFD64F22}.Release|Any CPU.ActiveCfg = Release|Any CPU
		{E945AABA-2779-41E8-9B43-8898FFD64F22}.Release|Any CPU.Build.0 = Release|Any CPU
		{0F9B9BC6-9F86-40E8-BA9B-D27BF3AC7970}.Debug|Any CPU.ActiveCfg = Debug|Any CPU
		{0F9B9BC6-9F86-40E8-BA9B-D27BF3AC7970}.Debug|Any CPU.Build.0 = Debug|Any CPU
		{0F9B9BC6-9F86-40E8-BA9B-D27BF3AC7970}.Release|Any CPU.ActiveCfg = Release|Any CPU
		{0F9B9BC6-9F86-40E8-BA9B-D27BF3AC7970}.Release|Any CPU.Build.0 = Release|Any CPU
		{EDAB7A80-65A6-47C7-8F71-4DB4B6C5DAF0}.Debug|Any CPU.ActiveCfg = Debug|Any CPU
		{EDAB7A80-65A6-47C7-8F71-4DB4B6C5DAF0}.Debug|Any CPU.Build.0 = Debug|Any CPU
		{EDAB7A80-65A6-47C7-8F71-4DB4B6C5DAF0}.Release|Any CPU.ActiveCfg = Release|Any CPU
		{EDAB7A80-65A6-47C7-8F71-4DB4B6C5DAF0}.Release|Any CPU.Build.0 = Release|Any CPU
		{765987A7-7714-4166-BE14-82033867A03F}.Debug|Any CPU.ActiveCfg = Debug|Any CPU
		{765987A7-7714-4166-BE14-82033867A03F}.Debug|Any CPU.Build.0 = Debug|Any CPU
		{765987A7-7714-4166-BE14-82033867A03F}.Release|Any CPU.ActiveCfg = Release|Any CPU
		{765987A7-7714-4166-BE14-82033867A03F}.Release|Any CPU.Build.0 = Release|Any CPU
		{CA704A66-58CD-4DF7-89EA-F6308888C258}.Debug|Any CPU.ActiveCfg = Debug|Any CPU
		{CA704A66-58CD-4DF7-89EA-F6308888C258}.Debug|Any CPU.Build.0 = Debug|Any CPU
		{CA704A66-58CD-4DF7-89EA-F6308888C258}.Release|Any CPU.ActiveCfg = Release|Any CPU
		{CA704A66-58CD-4DF7-89EA-F6308888C258}.Release|Any CPU.Build.0 = Release|Any CPU
		{57819593-EB89-4FF9-B752-4B2B8C90EC1D}.Debug|Any CPU.ActiveCfg = Debug|Any CPU
		{57819593-EB89-4FF9-B752-4B2B8C90EC1D}.Debug|Any CPU.Build.0 = Debug|Any CPU
		{57819593-EB89-4FF9-B752-4B2B8C90EC1D}.Release|Any CPU.ActiveCfg = Release|Any CPU
		{57819593-EB89-4FF9-B752-4B2B8C90EC1D}.Release|Any CPU.Build.0 = Release|Any CPU
		{6E6BA408-9243-4708-985D-2AC6F4391114}.Debug|Any CPU.ActiveCfg = Debug|Any CPU
		{6E6BA408-9243-4708-985D-2AC6F4391114}.Debug|Any CPU.Build.0 = Debug|Any CPU
		{6E6BA408-9243-4708-985D-2AC6F4391114}.Release|Any CPU.ActiveCfg = Release|Any CPU
		{6E6BA408-9243-4708-985D-2AC6F4391114}.Release|Any CPU.Build.0 = Release|Any CPU
	EndGlobalSection
	GlobalSection(SolutionProperties) = preSolution
		HideSolutionNode = FALSE
	EndGlobalSection
	GlobalSection(ExtensibilityGlobals) = postSolution
		SolutionGuid = {96B739F2-7AED-4FA6-BB06-F83E73E24018}
	EndGlobalSection
EndGlobal
